
Microsoft Visual Studio Solution File, Format Version 12.00
# Visual Studio Version 17
VisualStudioVersion = 17.0.31912.275
MinimumVisualStudioVersion = 10.0.40219.1
Project("{9A19103F-16F7-4668-BE54-9A1E7A4F7556}") = "NET5AuthServerAPI", "NET5AuthServerAPI\NET5AuthServerAPI.csproj", "{8A35A988-5D21-4B16-8C15-293552F21538}"
EndProject
Global
	GlobalSection(SolutionConfigurationPlatforms) = preSolution
		Debug|Any CPU = Debug|Any CPU
		Release|Any CPU = Release|Any CPU
	EndGlobalSection
	GlobalSection(ProjectConfigurationPlatforms) = postSolution
		{8A35A988-5D21-4B16-8C15-293552F21538}.Debug|Any CPU.ActiveCfg = Debug|Any CPU
		{8A35A988-5D21-4B16-8C15-293552F21538}.Debug|Any CPU.Build.0 = Debug|Any CPU
		{8A35A988-5D21-4B16-8C15-293552F21538}.Release|Any CPU.ActiveCfg = Release|Any CPU
		{8A35A988-5D21-4B16-8C15-293552F21538}.Release|Any CPU.Build.0 = Release|Any CPU
	EndGlobalSection
	GlobalSection(SolutionProperties) = preSolution
		HideSolutionNode = FALSE
	EndGlobalSection
	GlobalSection(ExtensibilityGlobals) = postSolution
		SolutionGuid = {DE2D68C2-CDE1-4CCD-AF29-B01FC54E8CCB}
	EndGlobalSection
EndGlobal
