
Microsoft Visual Studio Solution File, Format Version 12.00
# Visual Studio Version 17
VisualStudioVersion = 17.0.32014.148
MinimumVisualStudioVersion = 10.0.40219.1
Project("{9A19103F-16F7-4668-BE54-9A1E7A4F7556}") = "NET5ChatAppServerAPI", "NET5ChatAppServerAPI\NET5ChatAppServerAPI.csproj", "{E513C55E-F00C-4DF8-B2BB-469E3876AFD6}"
EndProject
Project("{9A19103F-16F7-4668-BE54-9A1E7A4F7556}") = "ChatApp.Auth", "ChatApp.Auth\ChatApp.Auth.csproj", "{F8203649-A259-4F8D-AC8A-C0DA0D740676}"
EndProject
Global
	GlobalSection(SolutionConfigurationPlatforms) = preSolution
		Debug|Any CPU = Debug|Any CPU
		Release|Any CPU = Release|Any CPU
	EndGlobalSection
	GlobalSection(ProjectConfigurationPlatforms) = postSolution
		{E513C55E-F00C-4DF8-B2BB-469E3876AFD6}.Debug|Any CPU.ActiveCfg = Debug|Any CPU
		{E513C55E-F00C-4DF8-B2BB-469E3876AFD6}.Debug|Any CPU.Build.0 = Debug|Any CPU
		{E513C55E-F00C-4DF8-B2BB-469E3876AFD6}.Release|Any CPU.ActiveCfg = Release|Any CPU
		{E513C55E-F00C-4DF8-B2BB-469E3876AFD6}.Release|Any CPU.Build.0 = Release|Any CPU
		{F8203649-A259-4F8D-AC8A-C0DA0D740676}.Debug|Any CPU.ActiveCfg = Debug|Any CPU
		{F8203649-A259-4F8D-AC8A-C0DA0D740676}.Debug|Any CPU.Build.0 = Debug|Any CPU
		{F8203649-A259-4F8D-AC8A-C0DA0D740676}.Release|Any CPU.ActiveCfg = Release|Any CPU
		{F8203649-A259-4F8D-AC8A-C0DA0D740676}.Release|Any CPU.Build.0 = Release|Any CPU
	EndGlobalSection
	GlobalSection(SolutionProperties) = preSolution
		HideSolutionNode = FALSE
	EndGlobalSection
	GlobalSection(ExtensibilityGlobals) = postSolution
		SolutionGuid = {DE2D68C2-CDE1-4CCD-AF29-B01FC54E8CCB}
	EndGlobalSection
EndGlobal
